
Microsoft Visual Studio Solution File, Format Version 12.00
# Visual Studio Version 17
VisualStudioVersion = 17.13.35825.156
MinimumVisualStudioVersion = 10.0.40219.1
Project("{FAE04EC0-301F-11D3-BF4B-00C04F79EFBC}") = "WebGatoMia", "WebGatoMia.csproj", "{D5B8CCD4-89FD-4484-A2D0-1694FF3AE111}"
EndProject
Global
	GlobalSection(SolutionConfigurationPlatforms) = preSolution
		Debug|Any CPU = Debug|Any CPU
		Release|Any CPU = Release|Any CPU
	EndGlobalSection
	GlobalSection(ProjectConfigurationPlatforms) = postSolution
		{D5B8CCD4-89FD-4484-A2D0-1694FF3AE111}.Debug|Any CPU.ActiveCfg = Debug|Any CPU
		{D5B8CCD4-89FD-4484-A2D0-1694FF3AE111}.Debug|Any CPU.Build.0 = Debug|Any CPU
		{D5B8CCD4-89FD-4484-A2D0-1694FF3AE111}.Release|Any CPU.ActiveCfg = Release|Any CPU
		{D5B8CCD4-89FD-4484-A2D0-1694FF3AE111}.Release|Any CPU.Build.0 = Release|Any CPU
	EndGlobalSection
	GlobalSection(SolutionProperties) = preSolution
		HideSolutionNode = FALSE
	EndGlobalSection
	GlobalSection(ExtensibilityGlobals) = postSolution
		SolutionGuid = {8C29E1B1-F556-4E9B-B515-D42E7860D9D0}
	EndGlobalSection
EndGlobal
